{
  "lockfile_version": "1",
  "packages": {
    "age@latest": {
      "last_modified": "2026-04-23T13:07:47Z",
      "resolved": "github:NixOS/nixpkgs/01fbdeef22b76df85ea168fbfe1bfd9e63681b30#age",
      "source": "devbox-search",
      "version": "1.3.1",
      "systems": {
        "aarch64-darwin": {
          "outputs": [
            {
              "name": "out",
              "path": "/nix/store/85419iajnxp2mqn473mhk25lp56pd2i4-age-1.3.1",
              "default": true
            }
          ],
          "store_path": "/nix/store/85419iajnxp2mqn473mhk25lp56pd2i4-age-1.3.1"
        },
        "aarch64-linux": {
          "outputs": [
            {
              "name": "out",
              "path": "/nix/store/196k8j3jp863c0gjmrc91xsqrp3xmpym-age-1.3.1",
              "default": true
            }
          ],
          "store_path": "/nix/store/196k8j3jp863c0gjmrc91xsqrp3xmpym-age-1.3.1"
        },
        "x86_64-darwin": {
          "outputs": [
            {
              "name": "out",
              "path": "/nix/store/67p5mz62n2ixr4ky2fvvi7mh1h5h4ydv-age-1.3.1",
              "default": true
            }
          ],
          "store_path": "/nix/store/67p5mz62n2ixr4ky2fvvi7mh1h5h4ydv-age-1.3.1"
        },
        "x86_64-linux": {
          "outputs": [
            {
              "name": "out",
              "path": "/nix/store/h963yim5mc9429i628d0hnhpfvzhlxdr-age-1.3.1",
              "default": true
            }
          ],
          "store_path": "/nix/store/h963yim5mc9429i628d0hnhpfvzhlxdr-age-1.3.1"
        }
      }
    },
    "conftest@latest": {
      "last_modified": "2026-04-23T13:07:47Z",
      "resolved": "github:NixOS/nixpkgs/01fbdeef22b76df85ea168fbfe1bfd9e63681b30#conftest",
      "source": "devbox-search",
      "version": "0.63.0",
      "systems": {
        "aarch64-darwin": {
          "outputs": [
            {
              "name": "out",
              "path": "/nix/store/zplxcdhdgw2akpbraf2yvs67hc7wv2zf-conftest-0.63.0",
              "default": true
            }
          ],
          "store_path": "/nix/store/zplxcdhdgw2akpbraf2yvs67hc7wv2zf-conftest-0.63.0"
        },
        "aarch64-linux": {
          "outputs": [
            {
              "name": "out",
              "path": "/nix/store/59qc5lw0w7fi3mc97iw1d53lnhjyv96j-conftest-0.63.0",
              "default": true
            }
          ],
          "store_path": "/nix/store/59qc5lw0w7fi3mc97iw1d53lnhjyv96j-conftest-0.63.0"
        },
        "x86_64-darwin": {
          "outputs": [
            {
              "name": "out",
              "path": "/nix/store/v9hx5q0zz7iwvw2zmkawvcp8717664ar-conftest-0.63.0",
              "default": true
            }
          ],
          "store_path": "/nix/store/v9hx5q0zz7iwvw2zmkawvcp8717664ar-conftest-0.63.0"
        },
        "x86_64-linux": {
          "outputs": [
            {
              "name": "out",
              "path": "/nix/store/z47h3gf8ai7gmqk1ajivyillxw1myp2a-conftest-0.63.0",
              "default": true
            }
          ],
          "store_path": "/nix/store/z47h3gf8ai7gmqk1ajivyillxw1myp2a-conftest-0.63.0"
        }
      }
    },
    "cosign@latest": {
      "last_modified": "2026-04-23T13:07:47Z",
      "resolved": "github:NixOS/nixpkgs/01fbdeef22b76df85ea168fbfe1bfd9e63681b30#cosign",
      "source": "devbox-search",
      "version": "3.0.6",
      "systems": {
        "aarch64-darwin": {
          "outputs": [
            {
              "name": "out",
              "path": "/nix/store/5h4iszykyvshwjbb0c8s64dn3nksykk0-cosign-3.0.6",
              "default": true
            }
          ],
          "store_path": "/nix/store/5h4iszykyvshwjbb0c8s64dn3nksykk0-cosign-3.0.6"
        },
        "aarch64-linux": {
          "outputs": [
            {
              "name": "out",
              "path": "/nix/store/n4yrxh6rgllnnznp1c0gn3lj71lswj0s-cosign-3.0.6",
              "default": true
            }
          ],
          "store_path": "/nix/store/n4yrxh6rgllnnznp1c0gn3lj71lswj0s-cosign-3.0.6"
        },
        "x86_64-darwin": {
          "outputs": [
            {
              "name": "out",
              "path": "/nix/store/1vhd9ms04gljzla7pygvbv9gnq81fxla-cosign-3.0.6",
              "default": true
            }
          ],
          "store_path": "/nix/store/1vhd9ms04gljzla7pygvbv9gnq81fxla-cosign-3.0.6"
        },
        "x86_64-linux": {
          "outputs": [
            {
              "name": "out",
              "path": "/nix/store/b3fmfwdid02nqydzdgv8pliqfhrs49rh-cosign-3.0.6",
              "default": true
            }
          ],
          "store_path": "/nix/store/b3fmfwdid02nqydzdgv8pliqfhrs49rh-cosign-3.0.6"
        }
      }
    },
    "github:NixOS/nixpkgs/nixpkgs-unstable": {
      "last_modified": "2026-05-08T21:03:27Z",
      "resolved": "github:NixOS/nixpkgs/b3da656039dc7a6240f27b2ef8cc6a3ef3bccae7?lastModified=1778274207"
    },
    "gitleaks@latest": {
      "last_modified": "2026-04-23T13:07:47Z",
      "resolved": "github:NixOS/nixpkgs/01fbdeef22b76df85ea168fbfe1bfd9e63681b30#gitleaks",
      "source": "devbox-search",
      "version": "8.30.1",
      "systems": {
        "aarch64-darwin": {
          "outputs": [
            {
              "name": "out",
              "path": "/nix/store/rr5mn1bipkm870ln17lq5f6an3gx82c7-gitleaks-8.30.1",
              "default": true
            }
          ],
          "store_path": "/nix/store/rr5mn1bipkm870ln17lq5f6an3gx82c7-gitleaks-8.30.1"
        },
        "aarch64-linux": {
          "outputs": [
            {
              "name": "out",
              "path": "/nix/store/pf1ifdlwf0l7ciqkbszm4ahnmr3yxg6h-gitleaks-8.30.1",
              "default": true
            }
          ],
          "store_path": "/nix/store/pf1ifdlwf0l7ciqkbszm4ahnmr3yxg6h-gitleaks-8.30.1"
        },
        "x86_64-darwin": {
          "outputs": [
            {
              "name": "out",
              "path": "/nix/store/nmba04ammp9yi1jjg6z6g33c8qidp3h2-gitleaks-8.30.1",
              "default": true
            }
          ],
          "store_path": "/nix/store/nmba04ammp9yi1jjg6z6g33c8qidp3h2-gitleaks-8.30.1"
        },
        "x86_64-linux": {
          "outputs": [
            {
              "name": "out",
              "path": "/nix/store/h7zzkg5vh5v03wv9c7gdac064lm0s68p-gitleaks-8.30.1",
              "default": true
            }
          ],
          "store_path": "/nix/store/h7zzkg5vh5v03wv9c7gdac064lm0s68p-gitleaks-8.30.1"
        }
      }
    },
    "go-task@latest": {
      "last_modified": "2026-04-23T13:07:47Z",
      "resolved": "github:NixOS/nixpkgs/01fbdeef22b76df85ea168fbfe1bfd9e63681b30#go-task",
      "source": "devbox-search",
      "version": "3.48.0",
      "systems": {
        "aarch64-darwin": {
          "outputs": [
            {
              "name": "out",
              "path": "/nix/store/gx97hxd28ymbxf2nj4kq6masld4qk7yw-go-task-3.48.0",
              "default": true
            }
          ],
          "store_path": "/nix/store/gx97hxd28ymbxf2nj4kq6masld4qk7yw-go-task-3.48.0"
        },
        "aarch64-linux": {
          "outputs": [
            {
              "name": "out",
              "path": "/nix/store/di0pkf2d113g9nkcbm4p51sgivfbkcxg-go-task-3.48.0",
              "default": true
            }
          ],
          "store_path": "/nix/store/di0pkf2d113g9nkcbm4p51sgivfbkcxg-go-task-3.48.0"
        },
        "x86_64-darwin": {
          "outputs": [
            {
              "name": "out",
              "path": "/nix/store/4mdamkq6v7xi11525ah95nb4psdd1a9m-go-task-3.48.0",
              "default": true
            }
          ],
          "store_path": "/nix/store/4mdamkq6v7xi11525ah95nb4psdd1a9m-go-task-3.48.0"
        },
        "x86_64-linux": {
          "outputs": [
            {
              "name": "out",
              "path": "/nix/store/gak3jfx9splyph60r0vvvv24vjcwyakx-go-task-3.48.0",
              "default": true
            }
          ],
          "store_path": "/nix/store/gak3jfx9splyph60r0vvvv24vjcwyakx-go-task-3.48.0"
        }
      }
    },
    "jq@latest": {
      "last_modified": "2026-05-15T18:21:44Z",
      "resolved": "github:NixOS/nixpkgs/d233902339c02a9c334e7e593de68855ad26c4cb#jq",
      "source": "devbox-search",
      "version": "1.8.1",
      "systems": {
        "aarch64-darwin": {
          "outputs": [
            {
              "name": "bin",
              "path": "/nix/store/zpaiv3csv85i5qdhwlivlbg8a5clnqmh-jq-1.8.1-bin",
              "default": true
            },
            {
              "name": "man",
              "path": "/nix/store/vs9rx9xgqachcay4mn95m1gwifzxrhm4-jq-1.8.1-man",
              "default": true
            },
            {
              "name": "doc",
              "path": "/nix/store/iksz05vk9j78ls9agfg9blhax9azgv69-jq-1.8.1-doc"
            },
            {
              "name": "out",
              "path": "/nix/store/inmyqx7646xrcqrwxipacv5gkf3ca6m3-jq-1.8.1"
            },
            {
              "name": "dev",
              "path": "/nix/store/h46rnp90pvk5ky12r9drbzhl1fqlmjnf-jq-1.8.1-dev"
            }
          ],
          "store_path": "/nix/store/zpaiv3csv85i5qdhwlivlbg8a5clnqmh-jq-1.8.1-bin"
        },
        "aarch64-linux": {
          "outputs": [
            {
              "name": "bin",
              "path": "/nix/store/blgzs73jx017qji4n78v4wg1qxcg3cav-jq-1.8.1-bin",
              "default": true
            },
            {
              "name": "man",
              "path": "/nix/store/s8h2klkc7rw485yqj3s73ancc5915v2m-jq-1.8.1-man",
              "default": true
            },
            {
              "name": "dev",
              "path": "/nix/store/lx675fc624glij1dh9iw89pavkvfkv73-jq-1.8.1-dev"
            },
            {
              "name": "doc",
              "path": "/nix/store/r992wf8cylhf9ayxwf64lawdfxcr4cl8-jq-1.8.1-doc"
            },
            {
              "name": "out",
              "path": "/nix/store/2v9443fs97gdg5mz9lk3q603hryhqijm-jq-1.8.1"
            }
          ],
          "store_path": "/nix/store/blgzs73jx017qji4n78v4wg1qxcg3cav-jq-1.8.1-bin"
        },
        "x86_64-darwin": {
          "outputs": [
            {
              "name": "bin",
              "path": "/nix/store/cpq0n6nrgs7jwyr121qshzk2fvjkmjbh-jq-1.8.1-bin",
              "default": true
            },
            {
              "name": "man",
              "path": "/nix/store/flsm1xvpbr9681y4y8101v5c5m3qmcim-jq-1.8.1-man",
              "default": true
            },
            {
              "name": "dev",
              "path": "/nix/store/0p7h41icsq99c08sym6iw4wzdsl35r13-jq-1.8.1-dev"
            },
            {
              "name": "doc",
              "path": "/nix/store/h6wn2lzbxq1v2dypaj4kpv4nnkkm9yld-jq-1.8.1-doc"
            },
            {
              "name": "out",
              "path": "/nix/store/spn7m9y4302yvw9zafpy1g2sz3z9xnx1-jq-1.8.1"
            }
          ],
          "store_path": "/nix/store/cpq0n6nrgs7jwyr121qshzk2fvjkmjbh-jq-1.8.1-bin"
        },
        "x86_64-linux": {
          "outputs": [
            {
              "name": "bin",
              "path": "/nix/store/v5c3inhfq6xshmwg1c254vfbcy4jp3k9-jq-1.8.1-bin",
              "default": true
            },
            {
              "name": "man",
              "path": "/nix/store/lsyqny7h1riwhzajwy2vjjdd63viiwvm-jq-1.8.1-man",
              "default": true
            },
            {
              "name": "dev",
              "path": "/nix/store/p8x5zv9s9qg3ld8b7jdm03hkpdqybjl9-jq-1.8.1-dev"
            },
            {
              "name": "doc",
              "path": "/nix/store/g2wlgi44rn837jdirpwi3lk5f2iy13zg-jq-1.8.1-doc"
            },
            {
              "name": "out",
              "path": "/nix/store/09bq2i0kb008ccg3qdbyxv81ggxxnn09-jq-1.8.1"
            }
          ],
          "store_path": "/nix/store/v5c3inhfq6xshmwg1c254vfbcy4jp3k9-jq-1.8.1-bin"
        }
      }
    },
    "kubeconform@latest": {
      "last_modified": "2026-04-23T13:07:47Z",
      "resolved": "github:NixOS/nixpkgs/01fbdeef22b76df85ea168fbfe1bfd9e63681b30#kubeconform",
      "source": "devbox-search",
      "version": "0.7.0",
      "systems": {
        "aarch64-darwin": {
          "outputs": [
            {
              "name": "out",
              "path": "/nix/store/w9rpkic2jg216pjgwqgn43qpk4022zks-kubeconform-0.7.0",
              "default": true
            }
          ],
          "store_path": "/nix/store/w9rpkic2jg216pjgwqgn43qpk4022zks-kubeconform-0.7.0"
        },
        "aarch64-linux": {
          "outputs": [
            {
              "name": "out",
              "path": "/nix/store/s1qgx6fh6dglphpg8s7a41hlkl825apl-kubeconform-0.7.0",
              "default": true
            }
          ],
          "store_path": "/nix/store/s1qgx6fh6dglphpg8s7a41hlkl825apl-kubeconform-0.7.0"
        },
        "x86_64-darwin": {
          "outputs": [
            {
              "name": "out",
              "path": "/nix/store/6ih912i2wg8wi17gj1cm6iaqdia95xg7-kubeconform-0.7.0",
              "default": true
            }
          ],
          "store_path": "/nix/store/6ih912i2wg8wi17gj1cm6iaqdia95xg7-kubeconform-0.7.0"
        },
        "x86_64-linux": {
          "outputs": [
            {
              "name": "out",
              "path": "/nix/store/1d9zz6nbvn9az189r3dywlhbli78prlz-kubeconform-0.7.0",
              "default": true
            }
          ],
          "store_path": "/nix/store/1d9zz6nbvn9az189r3dywlhbli78prlz-kubeconform-0.7.0"
        }
      }
    },
    "kubectl@latest": {
      "last_modified": "2026-05-14T21:33:07Z",
      "resolved": "github:NixOS/nixpkgs/8a1b0127302ea51e05bf4ea5a291743fac442406#kubectl",
      "source": "devbox-search",
      "version": "1.36.1",
      "systems": {
        "aarch64-darwin": {
          "outputs": [
            {
              "name": "out",
              "path": "/nix/store/9ffqyb73gb7iqfdnc5d9951wa31s6dm7-kubectl-1.36.1",
              "default": true
            },
            {
              "name": "man",
              "path": "/nix/store/ikrv0bx3lw05sbpycb0dxqrbwzicairl-kubectl-1.36.1-man",
              "default": true
            },
            {
              "name": "convert",
              "path": "/nix/store/hwbxah2md339xhbj0h130aav62x2qry8-kubectl-1.36.1-convert"
            }
          ],
          "store_path": "/nix/store/9ffqyb73gb7iqfdnc5d9951wa31s6dm7-kubectl-1.36.1"
        },
        "aarch64-linux": {
          "outputs": [
            {
              "name": "out",
              "path": "/nix/store/6vi8aw9lpn708vf11dwqzwa5fyfl84lx-kubectl-1.36.1",
              "default": true
            },
            {
              "name": "man",
              "path": "/nix/store/la640yyravb2mbfabic0rzhnf1h75wd6-kubectl-1.36.1-man",
              "default": true
            },
            {
              "name": "convert",
              "path": "/nix/store/xwwyhkrdh9rpfj5nqr6xzq0ji6lzqpy6-kubectl-1.36.1-convert"
            }
          ],
          "store_path": "/nix/store/6vi8aw9lpn708vf11dwqzwa5fyfl84lx-kubectl-1.36.1"
        },
        "x86_64-darwin": {
          "outputs": [
            {
              "name": "out",
              "path": "/nix/store/cpgxi7p7dniy56xv3856ama8wwdqz91b-kubectl-1.36.1",
              "default": true
            },
            {
              "name": "man",
              "path": "/nix/store/38zyzs2ka8aawrpp61awbyl5w14qgrw8-kubectl-1.36.1-man",
              "default": true
            },
            {
              "name": "convert",
              "path": "/nix/store/n3qfh2z4dlrp9r3dswj084bq2ykzprsq-kubectl-1.36.1-convert"
            }
          ],
          "store_path": "/nix/store/cpgxi7p7dniy56xv3856ama8wwdqz91b-kubectl-1.36.1"
        },
        "x86_64-linux": {
          "outputs": [
            {
              "name": "out",
              "path": "/nix/store/36fm6h2dn23x2pz7sps890xsmaarjif8-kubectl-1.36.1",
              "default": true
            },
            {
              "name": "man",
              "path": "/nix/store/61arpkkg2pqa1i2gqhs8fcprca9m0ac8-kubectl-1.36.1-man",
              "default": true
            },
            {
              "name": "convert",
              "path": "/nix/store/sp48syasn0jqn2y997pw5f461kfvij9i-kubectl-1.36.1-convert"
            }
          ],
          "store_path": "/nix/store/36fm6h2dn23x2pz7sps890xsmaarjif8-kubectl-1.36.1"
        }
      }
    },
    "kubernetes-helm@latest": {
      "last_modified": "2026-04-23T13:07:47Z",
      "resolved": "github:NixOS/nixpkgs/01fbdeef22b76df85ea168fbfe1bfd9e63681b30#kubernetes-helm",
      "source": "devbox-search",
      "version": "3.20.2",
      "systems": {
        "aarch64-darwin": {
          "outputs": [
            {
              "name": "out",
              "path": "/nix/store/aa9sfjsr2w4g8xg6n9jznh18wvan4bwm-kubernetes-helm-3.20.2",
              "default": true
            }
          ],
          "store_path": "/nix/store/aa9sfjsr2w4g8xg6n9jznh18wvan4bwm-kubernetes-helm-3.20.2"
        },
        "aarch64-linux": {
          "outputs": [
            {
              "name": "out",
              "path": "/nix/store/wl1mr80ci6hj5x6nscdxqcalw2ppjf2r-kubernetes-helm-3.20.2",
              "default": true
            }
          ],
          "store_path": "/nix/store/wl1mr80ci6hj5x6nscdxqcalw2ppjf2r-kubernetes-helm-3.20.2"
        },
        "x86_64-darwin": {
          "outputs": [
            {
              "name": "out",
              "path": "/nix/store/4b3hmzwr3ydsc9gh7rv665bgp4qf2n7z-kubernetes-helm-3.20.2",
              "default": true
            }
          ],
          "store_path": "/nix/store/4b3hmzwr3ydsc9gh7rv665bgp4qf2n7z-kubernetes-helm-3.20.2"
        },
        "x86_64-linux": {
          "outputs": [
            {
              "name": "out",
              "path": "/nix/store/2qwwk0cxj9qx9c79hdhja4s4wmzikia5-kubernetes-helm-3.20.2",
              "default": true
            }
          ],
          "store_path": "/nix/store/2qwwk0cxj9qx9c79hdhja4s4wmzikia5-kubernetes-helm-3.20.2"
        }
      }
    },
    "kustomize@latest": {
      "last_modified": "2026-04-23T13:07:47Z",
      "resolved": "github:NixOS/nixpkgs/01fbdeef22b76df85ea168fbfe1bfd9e63681b30#kustomize",
      "source": "devbox-search",
      "version": "5.8.1",
      "systems": {
        "aarch64-darwin": {
          "outputs": [
            {
              "name": "out",
              "path": "/nix/store/nygpzb95q240lpvfn842dqxmg5lydbwz-kustomize-5.8.1",
              "default": true
            }
          ],
          "store_path": "/nix/store/nygpzb95q240lpvfn842dqxmg5lydbwz-kustomize-5.8.1"
        },
        "aarch64-linux": {
          "outputs": [
            {
              "name": "out",
              "path": "/nix/store/qm4n795kz9j4d99ka6lqf2lb2s59wapv-kustomize-5.8.1",
              "default": true
            }
          ],
          "store_path": "/nix/store/qm4n795kz9j4d99ka6lqf2lb2s59wapv-kustomize-5.8.1"
        },
        "x86_64-darwin": {
          "outputs": [
            {
              "name": "out",
              "path": "/nix/store/b463kzh5k6kk4pfayi7jp671y652k1lf-kustomize-5.8.1",
              "default": true
            }
          ],
          "store_path": "/nix/store/b463kzh5k6kk4pfayi7jp671y652k1lf-kustomize-5.8.1"
        },
        "x86_64-linux": {
          "outputs": [
            {
              "name": "out",
              "path": "/nix/store/5wlzhdsg94idi37da744v3anrqyvlvmc-kustomize-5.8.1",
              "default": true
            }
          ],
          "store_path": "/nix/store/5wlzhdsg94idi37da744v3anrqyvlvmc-kustomize-5.8.1"
        }
      }
    },
    "markdownlint-cli@latest": {
      "last_modified": "2026-04-23T13:07:47Z",
      "resolved": "github:NixOS/nixpkgs/01fbdeef22b76df85ea168fbfe1bfd9e63681b30#markdownlint-cli",
      "source": "devbox-search",
      "version": "0.48.0",
      "systems": {
        "aarch64-darwin": {
          "outputs": [
            {
              "name": "out",
              "path": "/nix/store/375943y8zpzmxipls055d6bkp48yy68k-markdownlint-cli-0.48.0",
              "default": true
            }
          ],
          "store_path": "/nix/store/375943y8zpzmxipls055d6bkp48yy68k-markdownlint-cli-0.48.0"
        },
        "aarch64-linux": {
          "outputs": [
            {
              "name": "out",
              "path": "/nix/store/nh1iablhmj7n806b6y72bmh0c9aix7d0-markdownlint-cli-0.48.0",
              "default": true
            }
          ],
          "store_path": "/nix/store/nh1iablhmj7n806b6y72bmh0c9aix7d0-markdownlint-cli-0.48.0"
        },
        "x86_64-darwin": {
          "outputs": [
            {
              "name": "out",
              "path": "/nix/store/b0wcf7mlj7pa5r5al36i84jjgr7l9802-markdownlint-cli-0.48.0",
              "default": true
            }
          ],
          "store_path": "/nix/store/b0wcf7mlj7pa5r5al36i84jjgr7l9802-markdownlint-cli-0.48.0"
        },
        "x86_64-linux": {
          "outputs": [
            {
              "name": "out",
              "path": "/nix/store/fa2dd63i6mg5ny73799ndmm20yin8575-markdownlint-cli-0.48.0",
              "default": true
            }
          ],
          "store_path": "/nix/store/fa2dd63i6mg5ny73799ndmm20yin8575-markdownlint-cli-0.48.0"
        }
      }
    },
    "oras@latest": {
      "last_modified": "2026-04-23T13:07:47Z",
      "resolved": "github:NixOS/nixpkgs/01fbdeef22b76df85ea168fbfe1bfd9e63681b30#oras",
      "source": "devbox-search",
      "version": "1.3.0",
      "systems": {
        "aarch64-darwin": {
          "outputs": [
            {
              "name": "out",
              "path": "/nix/store/wrrcfwbnajw1q3w8gld5h68fjdhxdi13-oras-1.3.0",
              "default": true
            }
          ],
          "store_path": "/nix/store/wrrcfwbnajw1q3w8gld5h68fjdhxdi13-oras-1.3.0"
        },
        "aarch64-linux": {
          "outputs": [
            {
              "name": "out",
              "path": "/nix/store/z2rjc6aywvrs2bs1c4mz6f8i81p1fnhn-oras-1.3.0",
              "default": true
            }
          ],
          "store_path": "/nix/store/z2rjc6aywvrs2bs1c4mz6f8i81p1fnhn-oras-1.3.0"
        },
        "x86_64-darwin": {
          "outputs": [
            {
              "name": "out",
              "path": "/nix/store/3b10rslily9p5vf74bs4w6wmcirz5g7k-oras-1.3.0",
              "default": true
            }
          ],
          "store_path": "/nix/store/3b10rslily9p5vf74bs4w6wmcirz5g7k-oras-1.3.0"
        },
        "x86_64-linux": {
          "outputs": [
            {
              "name": "out",
              "path": "/nix/store/yfj22zavvz9mmscv8w9v9f17msargqp8-oras-1.3.0",
              "default": true
            }
          ],
          "store_path": "/nix/store/yfj22zavvz9mmscv8w9v9f17msargqp8-oras-1.3.0"
        }
      }
    },
    "pre-commit@latest": {
      "last_modified": "2026-05-13T11:46:26Z",
      "resolved": "github:NixOS/nixpkgs/eef00dfd8a712b34af845f9350bac681b1228bd1#pre-commit",
      "source": "devbox-search",
      "version": "4.5.1",
      "systems": {
        "aarch64-darwin": {
          "outputs": [
            {
              "name": "out",
              "path": "/nix/store/4y39fninb80ps3y1bnc7xyv31b775iv4-pre-commit-4.5.1",
              "default": true
            },
            {
              "name": "dist",
              "path": "/nix/store/nc7n6xzxylg7yz99wpvya66fa59nj4ia-pre-commit-4.5.1-dist"
            }
          ],
          "store_path": "/nix/store/4y39fninb80ps3y1bnc7xyv31b775iv4-pre-commit-4.5.1"
        },
        "aarch64-linux": {
          "outputs": [
            {
              "name": "out",
              "path": "/nix/store/92335zilycqlwb1274csqaya0x026asa-pre-commit-4.5.1",
              "default": true
            },
            {
              "name": "dist",
              "path": "/nix/store/g115vm8wcjg1xrr4jzyrr75dain0q6lc-pre-commit-4.5.1-dist"
            }
          ],
          "store_path": "/nix/store/92335zilycqlwb1274csqaya0x026asa-pre-commit-4.5.1"
        },
        "x86_64-darwin": {
          "outputs": [
            {
              "name": "out",
              "path": "/nix/store/cyg8p7vsriyvh8ciq8iv1p8x33vcjia8-pre-commit-4.5.1",
              "default": true
            },
            {
              "name": "dist",
              "path": "/nix/store/07bqg3w88gl45vrx21x6rbnsg8c8p5xc-pre-commit-4.5.1-dist"
            }
          ],
          "store_path": "/nix/store/cyg8p7vsriyvh8ciq8iv1p8x33vcjia8-pre-commit-4.5.1"
        },
        "x86_64-linux": {
          "outputs": [
            {
              "name": "out",
              "path": "/nix/store/vahfa5p05q8zyjhj47i4543nzd47y24n-pre-commit-4.5.1",
              "default": true
            },
            {
              "name": "dist",
              "path": "/nix/store/wrwjqaz58lnq793za7qlk50zsbrqywpd-pre-commit-4.5.1-dist"
            }
          ],
          "store_path": "/nix/store/vahfa5p05q8zyjhj47i4543nzd47y24n-pre-commit-4.5.1"
        }
      }
    },
    "sops@latest": {
      "last_modified": "2026-05-20T06:38:13Z",
      "resolved": "github:NixOS/nixpkgs/d99b013d5d1931ad77fe3912ed218170dec5d9a4#sops",
      "source": "devbox-search",
      "version": "3.13.1",
      "systems": {
        "aarch64-darwin": {
          "outputs": [
            {
              "name": "out",
              "path": "/nix/store/kqmb7yiprkj8pldj4fbn12h78i802wn2-sops-3.13.1",
              "default": true
            }
          ],
          "store_path": "/nix/store/kqmb7yiprkj8pldj4fbn12h78i802wn2-sops-3.13.1"
        },
        "aarch64-linux": {
          "outputs": [
            {
              "name": "out",
              "path": "/nix/store/kvj7l28776pnia5qhhldin9qjppvl2d6-sops-3.13.1",
              "default": true
            }
          ],
          "store_path": "/nix/store/kvj7l28776pnia5qhhldin9qjppvl2d6-sops-3.13.1"
        },
        "x86_64-darwin": {
          "outputs": [
            {
              "name": "out",
              "path": "/nix/store/lc24zv2z4fbbcnj31prwil39j14wmsm7-sops-3.13.1",
              "default": true
            }
          ],
          "store_path": "/nix/store/lc24zv2z4fbbcnj31prwil39j14wmsm7-sops-3.13.1"
        },
        "x86_64-linux": {
          "outputs": [
            {
              "name": "out",
              "path": "/nix/store/c7mcqsw761i2d9mk325srv5vdqvhl9pj-sops-3.13.1",
              "default": true
            }
          ],
          "store_path": "/nix/store/c7mcqsw761i2d9mk325srv5vdqvhl9pj-sops-3.13.1"
        }
      }
    },
    "syft@latest": {
      "last_modified": "2026-05-03T16:35:46Z",
      "resolved": "github:NixOS/nixpkgs/73c703c22422b8951895a960959dbbaca7296492#syft",
      "source": "devbox-search",
      "version": "1.44.0",
      "systems": {
        "aarch64-darwin": {
          "outputs": [
            {
              "name": "out",
              "path": "/nix/store/m5990xjpf1206azdax00a7333yzm50c9-syft-1.44.0",
              "default": true
            }
          ],
          "store_path": "/nix/store/m5990xjpf1206azdax00a7333yzm50c9-syft-1.44.0"
        },
        "aarch64-linux": {
          "outputs": [
            {
              "name": "out",
              "path": "/nix/store/93a3kdap20h43w4ab5kknkn77hqjqd9b-syft-1.44.0",
              "default": true
            }
          ],
          "store_path": "/nix/store/93a3kdap20h43w4ab5kknkn77hqjqd9b-syft-1.44.0"
        },
        "x86_64-darwin": {
          "outputs": [
            {
              "name": "out",
              "path": "/nix/store/2y5a2810xgy8l9xi0sf4iidkjqhlhxbc-syft-1.44.0",
              "default": true
            }
          ],
          "store_path": "/nix/store/2y5a2810xgy8l9xi0sf4iidkjqhlhxbc-syft-1.44.0"
        },
        "x86_64-linux": {
          "outputs": [
            {
              "name": "out",
              "path": "/nix/store/zvcim2bpya6z8dh090f70p9xpbda3y74-syft-1.44.0",
              "default": true
            }
          ],
          "store_path": "/nix/store/zvcim2bpya6z8dh090f70p9xpbda3y74-syft-1.44.0"
        }
      }
    },
    "trivy@latest": {
      "last_modified": "2026-04-23T13:07:47Z",
      "resolved": "github:NixOS/nixpkgs/01fbdeef22b76df85ea168fbfe1bfd9e63681b30#trivy",
      "source": "devbox-search",
      "version": "0.69.3",
      "systems": {
        "aarch64-darwin": {
          "outputs": [
            {
              "name": "out",
              "path": "/nix/store/sfvah45v72q7iszab57w474k1hlldipb-trivy-0.69.3",
              "default": true
            }
          ],
          "store_path": "/nix/store/sfvah45v72q7iszab57w474k1hlldipb-trivy-0.69.3"
        },
        "aarch64-linux": {
          "outputs": [
            {
              "name": "out",
              "path": "/nix/store/wzip1zgwvfsra07vfnr2sm8x761zbqyc-trivy-0.69.3",
              "default": true
            }
          ],
          "store_path": "/nix/store/wzip1zgwvfsra07vfnr2sm8x761zbqyc-trivy-0.69.3"
        },
        "x86_64-darwin": {
          "outputs": [
            {
              "name": "out",
              "path": "/nix/store/l62zagvpbrabhw2q45z6vddrf0xwwyqd-trivy-0.69.3",
              "default": true
            }
          ],
          "store_path": "/nix/store/l62zagvpbrabhw2q45z6vddrf0xwwyqd-trivy-0.69.3"
        },
        "x86_64-linux": {
          "outputs": [
            {
              "name": "out",
              "path": "/nix/store/291g5h3946aw4k4s74l4waskm72h6xvp-trivy-0.69.3",
              "default": true
            }
          ],
          "store_path": "/nix/store/291g5h3946aw4k4s74l4waskm72h6xvp-trivy-0.69.3"
        }
      }
    },
    "yamllint@latest": {
      "last_modified": "2026-04-23T13:07:47Z",
      "resolved": "github:NixOS/nixpkgs/01fbdeef22b76df85ea168fbfe1bfd9e63681b30#yamllint",
      "source": "devbox-search",
      "version": "1.37.1",
      "systems": {
        "aarch64-darwin": {
          "outputs": [
            {
              "name": "out",
              "path": "/nix/store/0yhwlrn6j4bpk8pqz0p5a53ml2a1h00v-python3.13-yamllint-1.37.1",
              "default": true
            },
            {
              "name": "dist",
              "path": "/nix/store/32s4c8qgg8lch0y6k4cqxs09qkyazjw9-python3.13-yamllint-1.37.1-dist"
            }
          ],
          "store_path": "/nix/store/0yhwlrn6j4bpk8pqz0p5a53ml2a1h00v-python3.13-yamllint-1.37.1"
        },
        "aarch64-linux": {
          "outputs": [
            {
              "name": "out",
              "path": "/nix/store/m9g8qnggdzc6pjdw7w21vaywmlix2ccn-python3.13-yamllint-1.37.1",
              "default": true
            },
            {
              "name": "dist",
              "path": "/nix/store/14lw229a8sjsbfjvjj97b3m0jc11q147-python3.13-yamllint-1.37.1-dist"
            }
          ],
          "store_path": "/nix/store/m9g8qnggdzc6pjdw7w21vaywmlix2ccn-python3.13-yamllint-1.37.1"
        },
        "x86_64-darwin": {
          "outputs": [
            {
              "name": "out",
              "path": "/nix/store/s7aj93h2895lmyk13c6ypn22rsd6nf36-python3.13-yamllint-1.37.1",
              "default": true
            },
            {
              "name": "dist",
              "path": "/nix/store/xx2yyh67vr217s8iv5gmkdhsibmqrdrw-python3.13-yamllint-1.37.1-dist"
            }
          ],
          "store_path": "/nix/store/s7aj93h2895lmyk13c6ypn22rsd6nf36-python3.13-yamllint-1.37.1"
        },
        "x86_64-linux": {
          "outputs": [
            {
              "name": "out",
              "path": "/nix/store/jx6bzribg9fa0mxbr8b602rq74k24dr7-python3.13-yamllint-1.37.1",
              "default": true
            },
            {
              "name": "dist",
              "path": "/nix/store/sdyqiyd0aw6n3fv2fj33srgvqi779rsp-python3.13-yamllint-1.37.1-dist"
            }
          ],
          "store_path": "/nix/store/jx6bzribg9fa0mxbr8b602rq74k24dr7-python3.13-yamllint-1.37.1"
        }
      }
    },
    "yq@latest": {
      "last_modified": "2026-04-23T13:07:47Z",
      "resolved": "github:NixOS/nixpkgs/01fbdeef22b76df85ea168fbfe1bfd9e63681b30#yq",
      "source": "devbox-search",
      "version": "3.4.3",
      "systems": {
        "aarch64-darwin": {
          "outputs": [
            {
              "name": "out",
              "path": "/nix/store/gfj0swayhqm02nidsvh6692gp0kk23g0-python3.13-yq-3.4.3",
              "default": true
            },
            {
              "name": "dist",
              "path": "/nix/store/sz3477s7aln7271nacc72zs3w4w7aw62-python3.13-yq-3.4.3-dist"
            }
          ],
          "store_path": "/nix/store/gfj0swayhqm02nidsvh6692gp0kk23g0-python3.13-yq-3.4.3"
        },
        "aarch64-linux": {
          "outputs": [
            {
              "name": "out",
              "path": "/nix/store/0whnd3y7fm0wfa0w5yqfahhr9ih16d20-python3.13-yq-3.4.3",
              "default": true
            },
            {
              "name": "dist",
              "path": "/nix/store/w4yih4rbdjj5x5c9ydd7l19kx9zqlgdh-python3.13-yq-3.4.3-dist"
            }
          ],
          "store_path": "/nix/store/0whnd3y7fm0wfa0w5yqfahhr9ih16d20-python3.13-yq-3.4.3"
        },
        "x86_64-darwin": {
          "outputs": [
            {
              "name": "out",
              "path": "/nix/store/my699ppqbdqp814b1sziwfgbaii84a8p-python3.13-yq-3.4.3",
              "default": true
            },
            {
              "name": "dist",
              "path": "/nix/store/7kcw5lqkwjcxzyvm8mvrgxr6k5cgs6s9-python3.13-yq-3.4.3-dist"
            }
          ],
          "store_path": "/nix/store/my699ppqbdqp814b1sziwfgbaii84a8p-python3.13-yq-3.4.3"
        },
        "x86_64-linux": {
          "outputs": [
            {
              "name": "out",
              "path": "/nix/store/z5lxllys0j3z200rf1phlzy975ynr0wg-python3.13-yq-3.4.3",
              "default": true
            },
            {
              "name": "dist",
              "path": "/nix/store/5s207c9mzbcr9wxl93y45fhshhq3maq0-python3.13-yq-3.4.3-dist"
            }
          ],
          "store_path": "/nix/store/z5lxllys0j3z200rf1phlzy975ynr0wg-python3.13-yq-3.4.3"
        }
      }
    }
  }
}
